
Microsoft Visual Studio Solution File, Format Version 12.00
# Visual Studio 2012
Project("{FAE04EC0-301F-11D3-BF4B-00C04F79EFBC}") = "01. OddLinesInTextFile", "01. OddLinesInTextFile\01. OddLinesInTextFile.csproj", "{97321AB8-B888-4D75-983C-9B3FF3DAD958}"
EndProject
Project("{FAE04EC0-301F-11D3-BF4B-00C04F79EFBC}") = "02. ConcatenateTextFiles", "02. ConcatenateTextFiles\02. ConcatenateTextFiles.csproj", "{70AE9C7F-1EAC-4D6F-8AC8-301532ADEA87}"
EndProject
Project("{FAE04EC0-301F-11D3-BF4B-00C04F79EFBC}") = "03. LineNumbersOfFile", "03. LineNumbersOfFile\03. LineNumbersOfFile.csproj", "{83E39355-F65B-4A40-9649-F0966F00ACEA}"
EndProject
Project("{FAE04EC0-301F-11D3-BF4B-00C04F79EFBC}") = "04. FileCompare", "04. FileCompare\04. FileCompare.csproj", "{A803CA22-EA06-46A8-AE29-EED89FFFAA55}"
EndProject
Project("{FAE04EC0-301F-11D3-BF4B-00C04F79EFBC}") = "05. SquareMatrixFile", "05. SquareMatrixFile\05. SquareMatrixFile.csproj", "{9781B599-227E-406A-B71F-C25F9339EA38}"
EndProject
Project("{FAE04EC0-301F-11D3-BF4B-00C04F79EFBC}") = "06. SortingStringsInFile", "06. SortingStringsInFile\06. SortingStringsInFile.csproj", "{D4145DAC-CE6F-4DCC-B613-E92BD1838CC5}"
EndProject
Project("{FAE04EC0-301F-11D3-BF4B-00C04F79EFBC}") = "07. ReplacementString", "07. ReplacementString\07. ReplacementString.csproj", "{73EBA12E-58A3-4800-8AE1-D4E89849ECBC}"
EndProject
Project("{FAE04EC0-301F-11D3-BF4B-00C04F79EFBC}") = "08. ReplacementWords", "08. ReplacementWords\08. ReplacementWords.csproj", "{F5EB7DBC-4CD2-43A5-9BE2-E52DE0B4FD4F}"
EndProject
Project("{FAE04EC0-301F-11D3-BF4B-00C04F79EFBC}") = "09. RemoveOddLines", "09. RemoveOddLines\09. RemoveOddLines.csproj", "{9A03C537-1F86-41D3-BB8C-A1FAE50C535A}"
EndProject
Project("{FAE04EC0-301F-11D3-BF4B-00C04F79EFBC}") = "10. ExtractingDataFromXML", "10. ExtractingDataFromXML\10. ExtractingDataFromXML.csproj", "{304B0EEA-218B-43C7-8A1C-86F4DA91D43C}"
EndProject
Project("{FAE04EC0-301F-11D3-BF4B-00C04F79EFBC}") = "11. RemoveWordsWithPrefix", "11. RemoveWordsWithPrefix\11. RemoveWordsWithPrefix.csproj", "{38529713-CC53-464E-8C7B-945B65609505}"
EndProject
Project("{FAE04EC0-301F-11D3-BF4B-00C04F79EFBC}") = "12. RemovingWordsListedInFile", "12. RemovingWordsListedInFile\12. RemovingWordsListedInFile.csproj", "{97466C98-D18B-4ABB-B8CE-00E2FD2DBB87}"
EndProject
Project("{FAE04EC0-301F-11D3-BF4B-00C04F79EFBC}") = "13. WordsCount", "13. WordsCount\13. WordsCount.csproj", "{6AEB0A6E-60C3-4EDA-BA13-F0E938D61429}"
EndProject
Global
	GlobalSection(SolutionConfigurationPlatforms) = preSolution
		Debug|Any CPU = Debug|Any CPU
		Release|Any CPU = Release|Any CPU
	EndGlobalSection
	GlobalSection(ProjectConfigurationPlatforms) = postSolution
		{97321AB8-B888-4D75-983C-9B3FF3DAD958}.Debug|Any CPU.ActiveCfg = Debug|Any CPU
		{97321AB8-B888-4D75-983C-9B3FF3DAD958}.Debug|Any CPU.Build.0 = Debug|Any CPU
		{97321AB8-B888-4D75-983C-9B3FF3DAD958}.Release|Any CPU.ActiveCfg = Release|Any CPU
		{97321AB8-B888-4D75-983C-9B3FF3DAD958}.Release|Any CPU.Build.0 = Release|Any CPU
		{70AE9C7F-1EAC-4D6F-8AC8-301532ADEA87}.Debug|Any CPU.ActiveCfg = Debug|Any CPU
		{70AE9C7F-1EAC-4D6F-8AC8-301532ADEA87}.Debug|Any CPU.Build.0 = Debug|Any CPU
		{70AE9C7F-1EAC-4D6F-8AC8-301532ADEA87}.Release|Any CPU.ActiveCfg = Release|Any CPU
		{70AE9C7F-1EAC-4D6F-8AC8-301532ADEA87}.Release|Any CPU.Build.0 = Release|Any CPU
		{83E39355-F65B-4A40-9649-F0966F00ACEA}.Debug|Any CPU.ActiveCfg = Debug|Any CPU
		{83E39355-F65B-4A40-9649-F0966F00ACEA}.Debug|Any CPU.Build.0 = Debug|Any CPU
		{83E39355-F65B-4A40-9649-F0966F00ACEA}.Release|Any CPU.ActiveCfg = Release|Any CPU
		{83E39355-F65B-4A40-9649-F0966F00ACEA}.Release|Any CPU.Build.0 = Release|Any CPU
		{A803CA22-EA06-46A8-AE29-EED89FFFAA55}.Debug|Any CPU.ActiveCfg = Debug|Any CPU
		{A803CA22-EA06-46A8-AE29-EED89FFFAA55}.Debug|Any CPU.Build.0 = Debug|Any CPU
		{A803CA22-EA06-46A8-AE29-EED89FFFAA55}.Release|Any CPU.ActiveCfg = Release|Any CPU
		{A803CA22-EA06-46A8-AE29-EED89FFFAA55}.Release|Any CPU.Build.0 = Release|Any CPU
		{9781B599-227E-406A-B71F-C25F9339EA38}.Debug|Any CPU.ActiveCfg = Debug|Any CPU
		{9781B599-227E-406A-B71F-C25F9339EA38}.Debug|Any CPU.Build.0 = Debug|Any CPU
		{9781B599-227E-406A-B71F-C25F9339EA38}.Release|Any CPU.ActiveCfg = Release|Any CPU
		{9781B599-227E-406A-B71F-C25F9339EA38}.Release|Any CPU.Build.0 = Release|Any CPU
		{D4145DAC-CE6F-4DCC-B613-E92BD1838CC5}.Debug|Any CPU.ActiveCfg = Debug|Any CPU
		{D4145DAC-CE6F-4DCC-B613-E92BD1838CC5}.Debug|Any CPU.Build.0 = Debug|Any CPU
		{D4145DAC-CE6F-4DCC-B613-E92BD1838CC5}.Release|Any CPU.ActiveCfg = Release|Any CPU
		{D4145DAC-CE6F-4DCC-B613-E92BD1838CC5}.Release|Any CPU.Build.0 = Release|Any CPU
		{73EBA12E-58A3-4800-8AE1-D4E89849ECBC}.Debug|Any CPU.ActiveCfg = Debug|Any CPU
		{73EBA12E-58A3-4800-8AE1-D4E89849ECBC}.Debug|Any CPU.Build.0 = Debug|Any CPU
		{73EBA12E-58A3-4800-8AE1-D4E89849ECBC}.Release|Any CPU.ActiveCfg = Release|Any CPU
		{73EBA12E-58A3-4800-8AE1-D4E89849ECBC}.Release|Any CPU.Build.0 = Release|Any CPU
		{F5EB7DBC-4CD2-43A5-9BE2-E52DE0B4FD4F}.Debug|Any CPU.ActiveCfg = Debug|Any CPU
		{F5EB7DBC-4CD2-43A5-9BE2-E52DE0B4FD4F}.Debug|Any CPU.Build.0 = Debug|Any CPU
		{F5EB7DBC-4CD2-43A5-9BE2-E52DE0B4FD4F}.Release|Any CPU.ActiveCfg = Release|Any CPU
		{F5EB7DBC-4CD2-43A5-9BE2-E52DE0B4FD4F}.Release|Any CPU.Build.0 = Release|Any CPU
		{9A03C537-1F86-41D3-BB8C-A1FAE50C535A}.Debug|Any CPU.ActiveCfg = Debug|Any CPU
		{9A03C537-1F86-41D3-BB8C-A1FAE50C535A}.Debug|Any CPU.Build.0 = Debug|Any CPU
		{9A03C537-1F86-41D3-BB8C-A1FAE50C535A}.Release|Any CPU.ActiveCfg = Release|Any CPU
		{9A03C537-1F86-41D3-BB8C-A1FAE50C535A}.Release|Any CPU.Build.0 = Release|Any CPU
		{304B0EEA-218B-43C7-8A1C-86F4DA91D43C}.Debug|Any CPU.ActiveCfg = Debug|Any CPU
		{304B0EEA-218B-43C7-8A1C-86F4DA91D43C}.Debug|Any CPU.Build.0 = Debug|Any CPU
		{304B0EEA-218B-43C7-8A1C-86F4DA91D43C}.Release|Any CPU.ActiveCfg = Release|Any CPU
		{304B0EEA-218B-43C7-8A1C-86F4DA91D43C}.Release|Any CPU.Build.0 = Release|Any CPU
		{38529713-CC53-464E-8C7B-945B65609505}.Debug|Any CPU.ActiveCfg = Debug|Any CPU
		{38529713-CC53-464E-8C7B-945B65609505}.Debug|Any CPU.Build.0 = Debug|Any CPU
		{38529713-CC53-464E-8C7B-945B65609505}.Release|Any CPU.ActiveCfg = Release|Any CPU
		{38529713-CC53-464E-8C7B-945B65609505}.Release|Any CPU.Build.0 = Release|Any CPU
		{97466C98-D18B-4ABB-B8CE-00E2FD2DBB87}.Debug|Any CPU.ActiveCfg = Debug|Any CPU
		{97466C98-D18B-4ABB-B8CE-00E2FD2DBB87}.Debug|Any CPU.Build.0 = Debug|Any CPU
		{97466C98-D18B-4ABB-B8CE-00E2FD2DBB87}.Release|Any CPU.ActiveCfg = Release|Any CPU
		{97466C98-D18B-4ABB-B8CE-00E2FD2DBB87}.Release|Any CPU.Build.0 = Release|Any CPU
		{6AEB0A6E-60C3-4EDA-BA13-F0E938D61429}.Debug|Any CPU.ActiveCfg = Debug|Any CPU
		{6AEB0A6E-60C3-4EDA-BA13-F0E938D61429}.Debug|Any CPU.Build.0 = Debug|Any CPU
		{6AEB0A6E-60C3-4EDA-BA13-F0E938D61429}.Release|Any CPU.ActiveCfg = Release|Any CPU
		{6AEB0A6E-60C3-4EDA-BA13-F0E938D61429}.Release|Any CPU.Build.0 = Release|Any CPU
	EndGlobalSection
	GlobalSection(SolutionProperties) = preSolution
		HideSolutionNode = FALSE
	EndGlobalSection
EndGlobal
